
Microsoft Visual Studio Solution File, Format Version 12.00
# Visual Studio Version 16
VisualStudioVersion = 16.0.30330.147
MinimumVisualStudioVersion = 10.0.40219.1
Project("{FAE04EC0-301F-11D3-BF4B-00C04F79EFBC}") = "LB1", "LB1\LB1.csproj", "{84D70FCB-08E8-478B-A7AB-ACBB9A0C8D0F}"
EndProject
Global
	GlobalSection(SolutionConfigurationPlatforms) = preSolution
		Debug|Any CPU = Debug|Any CPU
		Release|Any CPU = Release|Any CPU
	EndGlobalSection
	GlobalSection(ProjectConfigurationPlatforms) = postSolution
		{84D70FCB-08E8-478B-A7AB-ACBB9A0C8D0F}.Debug|Any CPU.ActiveCfg = Debug|Any CPU
		{84D70FCB-08E8-478B-A7AB-ACBB9A0C8D0F}.Debug|Any CPU.Build.0 = Debug|Any CPU
		{84D70FCB-08E8-478B-A7AB-ACBB9A0C8D0F}.Release|Any CPU.ActiveCfg = Release|Any CPU
		{84D70FCB-08E8-478B-A7AB-ACBB9A0C8D0F}.Release|Any CPU.Build.0 = Release|Any CPU
	EndGlobalSection
	GlobalSection(SolutionProperties) = preSolution
		HideSolutionNode = FALSE
	EndGlobalSection
	GlobalSection(ExtensibilityGlobals) = postSolution
		SolutionGuid = {7A5FC80B-9EA6-48CD-BEE5-7999D419A40B}
	EndGlobalSection
EndGlobal
