
Microsoft Visual Studio Solution File, Format Version 12.00
# Visual Studio Version 16
VisualStudioVersion = 16.0.29609.76
MinimumVisualStudioVersion = 10.0.40219.1
Project("{FAE04EC0-301F-11D3-BF4B-00C04F79EFBC}") = "lab2", "lab2\lab2.csproj", "{9696005E-D8D0-4F01-A3D4-EE9BBECAA38A}"
EndProject
Global
	GlobalSection(SolutionConfigurationPlatforms) = preSolution
		Debug|Any CPU = Debug|Any CPU
		Release|Any CPU = Release|Any CPU
	EndGlobalSection
	GlobalSection(ProjectConfigurationPlatforms) = postSolution
		{9696005E-D8D0-4F01-A3D4-EE9BBECAA38A}.Debug|Any CPU.ActiveCfg = Debug|Any CPU
		{9696005E-D8D0-4F01-A3D4-EE9BBECAA38A}.Debug|Any CPU.Build.0 = Debug|Any CPU
		{9696005E-D8D0-4F01-A3D4-EE9BBECAA38A}.Release|Any CPU.ActiveCfg = Release|Any CPU
		{9696005E-D8D0-4F01-A3D4-EE9BBECAA38A}.Release|Any CPU.Build.0 = Release|Any CPU
	EndGlobalSection
	GlobalSection(SolutionProperties) = preSolution
		HideSolutionNode = FALSE
	EndGlobalSection
	GlobalSection(ExtensibilityGlobals) = postSolution
		SolutionGuid = {630BE7CF-BCEE-4D15-A999-2D2F53B73329}
	EndGlobalSection
EndGlobal
